// !$*UTF8*$!
{
	archiveVersion = 1;
	classes = {
	};
	objectVersion = 50;
	objects = {

/* Begin PBXBuildFile section */
		EEB0C3A225B5AAC400FB5FC3 /* AppDelegate.swift in Sources */ = {isa = PBXBuildFile; fileRef = EEB0C3A125B5AAC400FB5FC3 /* AppDelegate.swift */; };
		EEB0C3A425B5AAC400FB5FC3 /* SceneDelegate.swift in Sources */ = {isa = PBXBuildFile; fileRef = EEB0C3A325B5AAC400FB5FC3 /* SceneDelegate.swift */; };
		EEB0C3A625B5AAC400FB5FC3 /* ViewController.swift in Sources */ = {isa = PBXBuildFile; fileRef = EEB0C3A525B5AAC400FB5FC3 /* ViewController.swift */; };
		EEB0C3A925B5AAC400FB5FC3 /* Main.storyboard in Resources */ = {isa = PBXBuildFile; fileRef = EEB0C3A725B5AAC400FB5FC3 /* Main.storyboard */; };
		EEB0C3AB25B5AAC500FB5FC3 /* Assets.xcassets in Resources */ = {isa = PBXBuildFile; fileRef = EEB0C3AA25B5AAC500FB5FC3 /* Assets.xcassets */; };
		EEB0C3AE25B5AAC500FB5FC3 /* LaunchScreen.storyboard in Resources */ = {isa = PBXBuildFile; fileRef = EEB0C3AC25B5AAC500FB5FC3 /* LaunchScreen.storyboard */; };
		EEB0C3B725B5F52C00FB5FC3 /* htmlView.html in Resources */ = {isa = PBXBuildFile; fileRef = EEB0C3B625B5F52C00FB5FC3 /* htmlView.html */; };
/* End PBXBuildFile section */

/* Begin PBXFileReference section */
		EEB0C39E25B5AAC400FB5FC3 /* Web2.app */ = {isa = PBXFileReference; explicitFileType = wrapper.application; includeInIndex = 0; path = Web2.app; sourceTree = BUILT_PRODUCTS_DIR; };
		EEB0C3A125B5AAC400FB5FC3 /* AppDelegate.swift */ = {isa = PBXFileReference; lastKnownFileType = sourcecode.swift; path = AppDelegate.swift; sourceTree = "<group>"; };
		EEB0C3A325B5AAC400FB5FC3 /* SceneDelegate.swift */ = {isa = PBXFileReference; lastKnownFileType = sourcecode.swift; path = SceneDelegate.swift; sourceTree = "<group>"; };
		EEB0C3A525B5AAC400FB5FC3 /* ViewController.swift */ = {isa = PBXFileReference; lastKnownFileType = sourcecode.swift; path = ViewController.swift; sourceTree = "<group>"; };
		EEB0C3A825B5AAC400FB5FC3 /* Base */ = {isa = PBXFileReference; lastKnownFileType = file.storyboard; name = Base; path = Base.lproj/Main.storyboard; sourceTree = "<group>"; };
		EEB0C3AA25B5AAC500FB5FC3 /* Assets.xcassets */ = {isa = PBXFileReference; lastKnownFileType = folder.assetcatalog; path = Assets.xcassets; sourceTree = "<group>"; };
		EEB0C3AD25B5AAC500FB5FC3 /* Base */ = {isa = PBXFileReference; lastKnownFileType = file.storyboard; name = Base; path = Base.lproj/LaunchScreen.storyboard; sourceTree = "<group>"; };
		EEB0C3AF25B5AAC500FB5FC3 /* Info.plist */ = {isa = PBXFileReference; lastKnownFileType = text.plist.xml; path = Info.plist; sourceTree = "<group>"; };
		EEB0C3B625B5F52C00FB5FC3 /* htmlView.html */ = {isa = PBXFileReference; lastKnownFileType = text.html; path = htmlView.html; sourceTree = "<group>"; };
/* End PBXFileReference section */

/* Begin PBXFrameworksBuildPhase section */
		EEB0C39B25B5AAC400FB5FC3 /* Frameworks */ = {
			isa = PBXFrameworksBuildPhase;
			buildActionMask = 2147483647;
			files = (
			);
			runOnlyForDeploymentPostprocessing = 0;
		};
/* End PBXFrameworksBuildPhase section */

/* Begin PBXGroup section */
		EEB0C39525B5AAC400FB5FC3 = {
			isa = PBXGroup;
			children = (
				EEB0C3A025B5AAC400FB5FC3 /* Web2 */,
				EEB0C39F25B5AAC400FB5FC3 /* Products */,
			);
			sourceTree = "<group>";
		};
		EEB0C39F25B5AAC400FB5FC3 /* Products */ = {
			isa = PBXGroup;
			children = (
				EEB0C39E25B5AAC400FB5FC3 /* Web2.app */,
			);
			name = Products;
			sourceTree = "<group>";
		};
		EEB0C3A025B5AAC400FB5FC3 /* Web2 */ = {
			isa = PBXGroup;
			children = (
				EEB0C3A125B5AAC400FB5FC3 /* AppDelegate.swift */,
				EEB0C3A325B5AAC400FB5FC3 /* SceneDelegate.swift */,
				EEB0C3A525B5AAC400FB5FC3 /* ViewController.swift */,
				EEB0C3B625B5F52C00FB5FC3 /* htmlView.html */,
				EEB0C3AA25B5AAC500FB5FC3 /* Assets.xcassets */,
				EEB0C3A725B5AAC400FB5FC3 /* Main.storyboard */,
				EEB0C3AC25B5AAC500FB5FC3 /* LaunchScreen.storyboard */,
				EEB0C3AF25B5AAC500FB5FC3 /* Info.plist */,
			);
			path = Web2;
			sourceTree = "<group>";
		};
/* End PBXGroup section */

/* Begin PBXNativeTarget section */
		EEB0C39D25B5AAC400FB5FC3 /* Web2 */ = {
			isa = PBXNativeTarget;
			buildConfigurationList = EEB0C3B225B5AAC500FB5FC3 /* Build configuration list for PBXNativeTarget "Web2" */;
			buildPhases = (
				EEB0C39A25B5AAC400FB5FC3 /* Sources */,
				EEB0C39B25B5AAC400FB5FC3 /* Frameworks */,
				EEB0C39C25B5AAC400FB5FC3 /* Resources */,
			);
			buildRules = (
			);
			dependencies = (
			);
			name = Web2;
			productName = Web2;
			productReference = EEB0C39E25B5AAC400FB5FC3 /* Web2.app */;
			productType = "com.apple.product-type.application";
		};
/* End PBXNativeTarget section */

/* Begin PBXProject section */
		EEB0C39625B5AAC400FB5FC3 /* Project object */ = {
			isa = PBXProject;
			attributes = {
				LastSwiftUpdateCheck = 1230;
				LastUpgradeCheck = 1230;
				TargetAttributes = {
					EEB0C39D25B5AAC400FB5FC3 = {
						CreatedOnToolsVersion = 12.3;
					};
				};
			};
			buildConfigurationList = EEB0C39925B5AAC400FB5FC3 /* Build configuration list for PBXProject "Web2" */;
			compatibilityVersion = "Xcode 9.3";
			developmentRegion = en;
			hasScannedForEncodings = 0;
			knownRegions = (
				en,
				Base,
			);
			mainGroup = EEB0C39525B5AAC400FB5FC3;
			productRefGroup = EEB0C39F25B5AAC400FB5FC3 /* Products */;
			projectDirPath = "";
			projectRoot = "";
			targets = (
				EEB0C39D25B5AAC400FB5FC3 /* Web2 */,
			);
		};
/* End PBXProject section */

/* Begin PBXResourcesBuildPhase section */
		EEB0C39C25B5AAC400FB5FC3 /* Resources */ = {
			isa = PBXResourcesBuildPhase;
			buildActionMask = 2147483647;
			files = (
				EEB0C3B725B5F52C00FB5FC3 /* htmlView.html in Resources */,
				EEB0C3AE25B5AAC500FB5FC3 /* LaunchScreen.storyboard in Resources */,
				EEB0C3AB25B5AAC500FB5FC3 /* Assets.xcassets in Resources */,
				EEB0C3A925B5AAC400FB5FC3 /* Main.storyboard in Resources */,
			);
			runOnlyForDeploymentPostprocessing = 0;
		};
/* End PBXResourcesBuildPhase section */

/* Begin PBXSourcesBuildPhase section */
		EEB0C39A25B5AAC400FB5FC3 /* Sources */ = {
			isa = PBXSourcesBuildPhase;
			buildActionMask = 2147483647;
			files = (
				EEB0C3A625B5AAC400FB5FC3 /* ViewController.swift in Sources */,
				EEB0C3A225B5AAC400FB5FC3 /* AppDelegate.swift in Sources */,
				EEB0C3A425B5AAC400FB5FC3 /* SceneDelegate.swift in Sources */,
			);
			runOnlyForDeploymentPostprocessing = 0;
		};
/* End PBXSourcesBuildPhase section */

/* Begin PBXVariantGroup section */
		EEB0C3A725B5AAC400FB5FC3 /* Main.storyboard */ = {
			isa = PBXVariantGroup;
			children = (
				EEB0C3A825B5AAC400FB5FC3 /* Base */,
			);
			name = Main.storyboard;
			sourceTree = "<group>";
		};
		EEB0C3AC25B5AAC500FB5FC3 /* LaunchScreen.storyboard */ = {
			isa = PBXVariantGroup;
			children = (
				EEB0C3AD25B5AAC500FB5FC3 /* Base */,
			);
			name = LaunchScreen.storyboard;
			sourceTree = "<group>";
		};
/* End PBXVariantGroup section */

/* Begin XCBuildConfiguration section */
		EEB0C3B025B5AAC500FB5FC3 /* Debug */ = {
			isa = XCBuildConfiguration;
			buildSettings = {
				ALWAYS_SEARCH_USER_PATHS = NO;
				CLANG_ANALYZER_NONNULL = YES;
				CLANG_ANALYZER_NUMBER_OBJECT_CONVERSION = YES_AGGRESSIVE;
				CLANG_CXX_LANGUAGE_STANDARD = "gnu++14";
				CLANG_CXX_LIBRARY = "libc++";
				CLANG_ENABLE_MODULES = YES;
				CLANG_ENABLE_OBJC_ARC = YES;
				CLANG_ENABLE_OBJC_WEAK = YES;
				CLANG_WARN_BLOCK_CAPTURE_AUTORELEASING = YES;
				CLANG_WARN_BOOL_CONVERSION = YES;
				CLANG_WARN_COMMA = YES;
				CLANG_WARN_CONSTANT_CONVERSION = YES;
				CLANG_WARN_DEPRECATED_OBJC_IMPLEMENTATIONS = YES;
				CLANG_WARN_DIRECT_OBJC_ISA_USAGE = YES_ERROR;
				CLANG_WARN_DOCUMENTATION_COMMENTS = YES;
				CLANG_WARN_EMPTY_BODY = YES;
				CLANG_WARN_ENUM_CONVERSION = YES;
				CLANG_WARN_INFINITE_RECURSION = YES;
				CLANG_WARN_INT_CONVERSION = YES;
				CLANG_WARN_NON_LITERAL_NULL_CONVERSION = YES;
				CLANG_WARN_OBJC_IMPLICIT_RETAIN_SELF = YES;
				CLANG_WARN_OBJC_LITERAL_CONVERSION = YES;
				CLANG_WARN_OBJC_ROOT_CLASS = YES_ERROR;
				CLANG_WARN_QUOTED_INCLUDE_IN_FRAMEWORK_HEADER = YES;
				CLANG_WARN_RANGE_LOOP_ANALYSIS = YES;
				CLANG_WARN_STRICT_PROTOTYPES = YES;
				CLANG_WARN_SUSPICIOUS_MOVE = YES;
				CLANG_WARN_UNGUARDED_AVAILABILITY = YES_AGGRESSIVE;
				CLANG_WARN_UNREACHABLE_CODE = YES;
				CLANG_WARN__DUPLICATE_METHOD_MATCH = YES;
				COPY_PHASE_STRIP = NO;
				DEBUG_INFORMATION_FORMAT = dwarf;
				ENABLE_STRICT_OBJC_MSGSEND = YES;
				ENABLE_TESTABILITY = YES;
				GCC_C_LANGUAGE_STANDARD = gnu11;
				GCC_DYNAMIC_NO_PIC = NO;
				GCC_NO_COMMON_BLOCKS = YES;
				GCC_OPTIMIZATION_LEVEL = 0;
				GCC_PREPROCESSOR_DEFINITIONS = (
					"DEBUG=1",
					"$(inherited)",
				);
				GCC_WARN_64_TO_32_BIT_CONVERSION = YES;
				GCC_WARN_ABOUT_RETURN_TYPE = YES_ERROR;
				GCC_WARN_UNDECLARED_SELECTOR = YES;
				GCC_WARN_UNINITIALIZED_AUTOS = YES_AGGRESSIVE;
				GCC_WARN_UNUSED_FUNCTION = YES;
				GCC_WARN_UNUSED_VARIABLE = YES;
				IPHONEOS_DEPLOYMENT_TARGET = 14.3;
				MTL_ENABLE_DEBUG_INFO = INCLUDE_SOURCE;
				MTL_FAST_MATH = YES;
				ONLY_ACTIVE_ARCH = YES;
				SDKROOT = iphoneos;
				SWIFT_ACTIVE_COMPILATION_CONDITIONS = DEBUG;
				SWIFT_OPTIMIZATION_LEVEL = "-Onone";
			};
			name = Debug;
		};
		EEB0C3B125B5AAC500FB5FC3 /* Release */ = {
			isa = XCBuildConfiguration;
			buildSettings = {
				ALWAYS_SEARCH_USER_PATHS = NO;
				CLANG_ANALYZER_NONNULL = YES;
				CLANG_ANALYZER_NUMBER_OBJECT_CONVERSION = YES_AGGRESSIVE;
				CLANG_CXX_LANGUAGE_STANDARD = "gnu++14";
				CLANG_CXX_LIBRARY = "libc++";
				CLANG_ENABLE_MODULES = YES;
				CLANG_ENABLE_OBJC_ARC = YES;
				CLANG_ENABLE_OBJC_WEAK = YES;
				CLANG_WARN_BLOCK_CAPTURE_AUTORELEASING = YES;
				CLANG_WARN_BOOL_CONVERSION = YES;
				CLANG_WARN_COMMA = YES;
				CLANG_WARN_CONSTANT_CONVERSION = YES;
				CLANG_WARN_DEPRECATED_OBJC_IMPLEMENTATIONS = YES;
				CLANG_WARN_DIRECT_OBJC_ISA_USAGE = YES_ERROR;
				CLANG_WARN_DOCUMENTATION_COMMENTS = YES;
				CLANG_WARN_EMPTY_BODY = YES;
				CLANG_WARN_ENUM_CONVERSION = YES;
				CLANG_WARN_INFINITE_RECURSION = YES;
				CLANG_WARN_INT_CONVERSION = YES;
				CLANG_WARN_NON_LITERAL_NULL_CONVERSION = YES;
				CLANG_WARN_OBJC_IMPLICIT_RETAIN_SELF = YES;
				CLANG_WARN_OBJC_LITERAL_CONVERSION = YES;
				CLANG_WARN_OBJC_ROOT_CLASS = YES_ERROR;
				CLANG_WARN_QUOTED_INCLUDE_IN_FRAMEWORK_HEADER = YES;
				CLANG_WARN_RANGE_LOOP_ANALYSIS = YES;
				CLANG_WARN_STRICT_PROTOTYPES = YES;
				CLANG_WARN_SUSPICIOUS_MOVE = YES;
				CLANG_WARN_UNGUARDED_AVAILABILITY = YES_AGGRESSIVE;
				CLANG_WARN_UNREACHABLE_CODE = YES;
				CLANG_WARN__DUPLICATE_METHOD_MATCH = YES;
				COPY_PHASE_STRIP = NO;
				DEBUG_INFORMATION_FORMAT = "dwarf-with-dsym";
				ENABLE_NS_ASSERTIONS = NO;
				ENABLE_STRICT_OBJC_MSGSEND = YES;
				GCC_C_LANGUAGE_STANDARD = gnu11;
				GCC_NO_COMMON_BLOCKS = YES;
				GCC_WARN_64_TO_32_BIT_CONVERSION = YES;
				GCC_WARN_ABOUT_RETURN_TYPE = YES_ERROR;
				GCC_WARN_UNDECLARED_SELECTOR = YES;
				GCC_WARN_UNINITIALIZED_AUTOS = YES_AGGRESSIVE;
				GCC_WARN_UNUSED_FUNCTION = YES;
				GCC_WARN_UNUSED_VARIABLE = YES;
				IPHONEOS_DEPLOYMENT_TARGET = 14.3;
				MTL_ENABLE_DEBUG_INFO = NO;
				MTL_FAST_MATH = YES;
				SDKROOT = iphoneos;
				SWIFT_COMPILATION_MODE = wholemodule;
				SWIFT_OPTIMIZATION_LEVEL = "-O";
				VALIDATE_PRODUCT = YES;
			};
			name = Release;
		};
		EEB0C3B325B5AAC500FB5FC3 /* Debug */ = {
			isa = XCBuildConfiguration;
			buildSettings = {
				ASSETCATALOG_COMPILER_APPICON_NAME = AppIcon;
				ASSETCATALOG_COMPILER_GLOBAL_ACCENT_COLOR_NAME = AccentColor;
				CODE_SIGN_STYLE = Automatic;
				DEVELOPMENT_TEAM = 7JA353ZJMP;
				INFOPLIST_FILE = Web2/Info.plist;
				LD_RUNPATH_SEARCH_PATHS = (
					"$(inherited)",
					"@executable_path/Frameworks",
				);
				PRODUCT_BUNDLE_IDENTIFIER = com.JiHoonAHN.Web2;
				PRODUCT_NAME = "$(TARGET_NAME)";
				SWIFT_VERSION = 5.0;
				TARGETED_DEVICE_FAMILY = "1,2";
			};
			name = Debug;
		};
		EEB0C3B425B5AAC500FB5FC3 /* Release */ = {
			isa = XCBuildConfiguration;
			buildSettings = {
				ASSETCATALOG_COMPILER_APPICON_NAME = AppIcon;
				ASSETCATALOG_COMPILER_GLOBAL_ACCENT_COLOR_NAME = AccentColor;
				CODE_SIGN_STYLE = Automatic;
				DEVELOPMENT_TEAM = 7JA353ZJMP;
				INFOPLIST_FILE = Web2/Info.plist;
				LD_RUNPATH_SEARCH_PATHS = (
					"$(inherited)",
					"@executable_path/Frameworks",
				);
				PRODUCT_BUNDLE_IDENTIFIER = com.JiHoonAHN.Web2;
				PRODUCT_NAME = "$(TARGET_NAME)";
				SWIFT_VERSION = 5.0;
				TARGETED_DEVICE_FAMILY = "1,2";
			};
			name = Release;
		};
/* End XCBuildConfiguration section */

/* Begin XCConfigurationList section */
		EEB0C39925B5AAC400FB5FC3 /* Build configuration list for PBXProject "Web2" */ = {
			isa = XCConfigurationList;
			buildConfigurations = (
				EEB0C3B025B5AAC500FB5FC3 /* Debug */,
				EEB0C3B125B5AAC500FB5FC3 /* Release */,
			);
			defaultConfigurationIsVisible = 0;
			defaultConfigurationName = Release;
		};
		EEB0C3B225B5AAC500FB5FC3 /* Build configuration list for PBXNativeTarget "Web2" */ = {
			isa = XCConfigurationList;
			buildConfigurations = (
				EEB0C3B325B5AAC500FB5FC3 /* Debug */,
				EEB0C3B425B5AAC500FB5FC3 /* Release */,
			);
			defaultConfigurationIsVisible = 0;
			defaultConfigurationName = Release;
		};
/* End XCConfigurationList section */
	};
	rootObject = EEB0C39625B5AAC400FB5FC3 /* Project object */;
}
